
Microsoft Visual Studio Solution File, Format Version 12.00
# Visual Studio 15
VisualStudioVersion = 15.0.28307.168
MinimumVisualStudioVersion = 10.0.40219.1
Project("{8BC9CEB8-8B4A-11D0-8D11-00A0C91BC942}") = "LockFreeStack-MemoryPool", "LockFreeStack-MemoryPool\LockFreeStack-MemoryPool.vcxproj", "{215AA8DE-E646-43FE-B108-7E11FBEF4243}"
EndProject
Global
	GlobalSection(SolutionConfigurationPlatforms) = preSolution
		Debug|x64 = Debug|x64
		Debug|x86 = Debug|x86
		r|x64 = r|x64
		r|x86 = r|x86
		Release|x64 = Release|x64
		Release|x86 = Release|x86
	EndGlobalSection
	GlobalSection(ProjectConfigurationPlatforms) = postSolution
		{215AA8DE-E646-43FE-B108-7E11FBEF4243}.Debug|x64.ActiveCfg = Debug|x64
		{215AA8DE-E646-43FE-B108-7E11FBEF4243}.Debug|x64.Build.0 = Debug|x64
		{215AA8DE-E646-43FE-B108-7E11FBEF4243}.Debug|x86.ActiveCfg = Debug|Win32
		{215AA8DE-E646-43FE-B108-7E11FBEF4243}.Debug|x86.Build.0 = Debug|Win32
		{215AA8DE-E646-43FE-B108-7E11FBEF4243}.r|x64.ActiveCfg = r|x64
		{215AA8DE-E646-43FE-B108-7E11FBEF4243}.r|x64.Build.0 = r|x64
		{215AA8DE-E646-43FE-B108-7E11FBEF4243}.r|x86.ActiveCfg = r|Win32
		{215AA8DE-E646-43FE-B108-7E11FBEF4243}.r|x86.Build.0 = r|Win32
		{215AA8DE-E646-43FE-B108-7E11FBEF4243}.Release|x64.ActiveCfg = Release|x64
		{215AA8DE-E646-43FE-B108-7E11FBEF4243}.Release|x64.Build.0 = Release|x64
		{215AA8DE-E646-43FE-B108-7E11FBEF4243}.Release|x86.ActiveCfg = Release|Win32
		{215AA8DE-E646-43FE-B108-7E11FBEF4243}.Release|x86.Build.0 = Release|Win32
	EndGlobalSection
	GlobalSection(SolutionProperties) = preSolution
		HideSolutionNode = FALSE
	EndGlobalSection
	GlobalSection(ExtensibilityGlobals) = postSolution
		SolutionGuid = {32200185-C67E-4793-ABE1-34DDC7AD2017}
	EndGlobalSection
EndGlobal
