
Microsoft Visual Studio Solution File, Format Version 12.00
# Visual Studio 15
VisualStudioVersion = 15.0.28307.168
MinimumVisualStudioVersion = 10.0.40219.1
Project("{8BC9CEB8-8B4A-11D0-8D11-00A0C91BC942}") = "DBConnect", "DBConnect\DBConnect.vcxproj", "{C8831EB1-DC5E-48ED-B163-AE2CA2EB62A8}"
EndProject
Global
	GlobalSection(SolutionConfigurationPlatforms) = preSolution
		Debug|x64 = Debug|x64
		Debug|x86 = Debug|x86
		r|x64 = r|x64
		r|x86 = r|x86
		Release|x64 = Release|x64
		Release|x86 = Release|x86
	EndGlobalSection
	GlobalSection(ProjectConfigurationPlatforms) = postSolution
		{C8831EB1-DC5E-48ED-B163-AE2CA2EB62A8}.Debug|x64.ActiveCfg = Debug|x64
		{C8831EB1-DC5E-48ED-B163-AE2CA2EB62A8}.Debug|x64.Build.0 = Debug|x64
		{C8831EB1-DC5E-48ED-B163-AE2CA2EB62A8}.Debug|x86.ActiveCfg = Debug|Win32
		{C8831EB1-DC5E-48ED-B163-AE2CA2EB62A8}.Debug|x86.Build.0 = Debug|Win32
		{C8831EB1-DC5E-48ED-B163-AE2CA2EB62A8}.r|x64.ActiveCfg = r|x64
		{C8831EB1-DC5E-48ED-B163-AE2CA2EB62A8}.r|x64.Build.0 = r|x64
		{C8831EB1-DC5E-48ED-B163-AE2CA2EB62A8}.r|x86.ActiveCfg = r|Win32
		{C8831EB1-DC5E-48ED-B163-AE2CA2EB62A8}.r|x86.Build.0 = r|Win32
		{C8831EB1-DC5E-48ED-B163-AE2CA2EB62A8}.Release|x64.ActiveCfg = Release|x64
		{C8831EB1-DC5E-48ED-B163-AE2CA2EB62A8}.Release|x64.Build.0 = Release|x64
		{C8831EB1-DC5E-48ED-B163-AE2CA2EB62A8}.Release|x86.ActiveCfg = Release|Win32
		{C8831EB1-DC5E-48ED-B163-AE2CA2EB62A8}.Release|x86.Build.0 = Release|Win32
	EndGlobalSection
	GlobalSection(SolutionProperties) = preSolution
		HideSolutionNode = FALSE
	EndGlobalSection
	GlobalSection(ExtensibilityGlobals) = postSolution
		SolutionGuid = {C9FB8D31-B8B5-457E-837D-30427C1CC360}
	EndGlobalSection
EndGlobal
