
Microsoft Visual Studio Solution File, Format Version 12.00
# Visual Studio 15
VisualStudioVersion = 15.0.28307.168
MinimumVisualStudioVersion = 10.0.40219.1
Project("{8BC9CEB8-8B4A-11D0-8D11-00A0C91BC942}") = "DomainAddress", "DomainAddress\DomainAddress.vcxproj", "{4751405F-6DEE-470C-B9D4-5359B074BF84}"
EndProject
Global
	GlobalSection(SolutionConfigurationPlatforms) = preSolution
		Debug|x64 = Debug|x64
		Debug|x86 = Debug|x86
		Release|x64 = Release|x64
		Release|x86 = Release|x86
	EndGlobalSection
	GlobalSection(ProjectConfigurationPlatforms) = postSolution
		{4751405F-6DEE-470C-B9D4-5359B074BF84}.Debug|x64.ActiveCfg = Debug|x64
		{4751405F-6DEE-470C-B9D4-5359B074BF84}.Debug|x64.Build.0 = Debug|x64
		{4751405F-6DEE-470C-B9D4-5359B074BF84}.Debug|x86.ActiveCfg = Debug|Win32
		{4751405F-6DEE-470C-B9D4-5359B074BF84}.Debug|x86.Build.0 = Debug|Win32
		{4751405F-6DEE-470C-B9D4-5359B074BF84}.Release|x64.ActiveCfg = Release|x64
		{4751405F-6DEE-470C-B9D4-5359B074BF84}.Release|x64.Build.0 = Release|x64
		{4751405F-6DEE-470C-B9D4-5359B074BF84}.Release|x86.ActiveCfg = Release|Win32
		{4751405F-6DEE-470C-B9D4-5359B074BF84}.Release|x86.Build.0 = Release|Win32
	EndGlobalSection
	GlobalSection(SolutionProperties) = preSolution
		HideSolutionNode = FALSE
	EndGlobalSection
	GlobalSection(ExtensibilityGlobals) = postSolution
		SolutionGuid = {02E61F5C-8942-42DE-8A74-FFC1EEDE4CA3}
	EndGlobalSection
EndGlobal
