
Microsoft Visual Studio Solution File, Format Version 12.00
# Visual Studio 15
VisualStudioVersion = 15.0.28307.168
MinimumVisualStudioVersion = 10.0.40219.1
Project("{8BC9CEB8-8B4A-11D0-8D11-00A0C91BC942}") = "LoginServer", "LoginServer\LoginServer.vcxproj", "{3F69FF40-E134-403F-A656-015D1E92EB31}"
EndProject
Global
	GlobalSection(SolutionConfigurationPlatforms) = preSolution
		Debug|x64 = Debug|x64
		Debug|x86 = Debug|x86
		r|x64 = r|x64
		r|x86 = r|x86
		Release|x64 = Release|x64
		Release|x86 = Release|x86
	EndGlobalSection
	GlobalSection(ProjectConfigurationPlatforms) = postSolution
		{3F69FF40-E134-403F-A656-015D1E92EB31}.Debug|x64.ActiveCfg = Debug|x64
		{3F69FF40-E134-403F-A656-015D1E92EB31}.Debug|x64.Build.0 = Debug|x64
		{3F69FF40-E134-403F-A656-015D1E92EB31}.Debug|x86.ActiveCfg = Debug|Win32
		{3F69FF40-E134-403F-A656-015D1E92EB31}.Debug|x86.Build.0 = Debug|Win32
		{3F69FF40-E134-403F-A656-015D1E92EB31}.r|x64.ActiveCfg = r|x64
		{3F69FF40-E134-403F-A656-015D1E92EB31}.r|x64.Build.0 = r|x64
		{3F69FF40-E134-403F-A656-015D1E92EB31}.r|x86.ActiveCfg = r|Win32
		{3F69FF40-E134-403F-A656-015D1E92EB31}.r|x86.Build.0 = r|Win32
		{3F69FF40-E134-403F-A656-015D1E92EB31}.Release|x64.ActiveCfg = Release|x64
		{3F69FF40-E134-403F-A656-015D1E92EB31}.Release|x64.Build.0 = Release|x64
		{3F69FF40-E134-403F-A656-015D1E92EB31}.Release|x86.ActiveCfg = Release|Win32
		{3F69FF40-E134-403F-A656-015D1E92EB31}.Release|x86.Build.0 = Release|Win32
	EndGlobalSection
	GlobalSection(SolutionProperties) = preSolution
		HideSolutionNode = FALSE
	EndGlobalSection
	GlobalSection(ExtensibilityGlobals) = postSolution
		SolutionGuid = {0F112771-4157-454D-B9E7-B1E7A4A4F992}
	EndGlobalSection
EndGlobal
